
Microsoft Visual Studio Solution File, Format Version 12.00
# Visual Studio 15
Project("{FAE04EC0-301F-11D3-BF4B-00C04F79EFBC}") = "skill-test", "skill-test\skill-test.csproj", "{33F11A7B-52A7-4D5C-A2D6-CD697C7E11C8}"
EndProject
Global
	GlobalSection(SolutionConfigurationPlatforms) = preSolution
		Debug|anycpu = Debug|anycpu
		Release|anycpu = Release|anycpu
	EndGlobalSection
	GlobalSection(ProjectConfigurationPlatforms) = postSolution
		{33F11A7B-52A7-4D5C-A2D6-CD697C7E11C8}.Debug|anycpu.ActiveCfg = Debug|anycpu
		{33F11A7B-52A7-4D5C-A2D6-CD697C7E11C8}.Debug|anycpu.Build.0 = Debug|anycpu
		{33F11A7B-52A7-4D5C-A2D6-CD697C7E11C8}.Release|anycpu.ActiveCfg = Release|anycpu
		{33F11A7B-52A7-4D5C-A2D6-CD697C7E11C8}.Release|anycpu.Build.0 = Release|anycpu
	EndGlobalSection
EndGlobal
